
Microsoft Visual Studio Solution File, Format Version 12.00
# Visual Studio 14
VisualStudioVersion = 14.0.25420.1
MinimumVisualStudioVersion = 10.0.40219.1
Project("{FAE04EC0-301F-11D3-BF4B-00C04F79EFBC}") = "StEn.X3270.Rest", "StEn.X3270.Rest\StEn.X3270.Rest.csproj", "{93ADD030-0B2A-432F-9F33-9E48ABD4FFB2}"
EndProject
Project("{FAE04EC0-301F-11D3-BF4B-00C04F79EFBC}") = "StEn.X3270.Rest.Test", "StEn.X3270.Rest.Test\StEn.X3270.Rest.Test.csproj", "{164B8E33-FBBB-4D11-A2D1-8ABF50D6DB9D}"
EndProject
Project("{2150E333-8FDC-42A3-9474-1A3956D46DE8}") = "Solution Items", "Solution Items", "{1FC475D6-5298-4E9F-9C5D-79E83441E619}"
	ProjectSection(SolutionItems) = preProject
		..\README.md = ..\README.md
	EndProjectSection
EndProject
Global
	GlobalSection(SolutionConfigurationPlatforms) = preSolution
		Debug|Any CPU = Debug|Any CPU
		Release|Any CPU = Release|Any CPU
	EndGlobalSection
	GlobalSection(ProjectConfigurationPlatforms) = postSolution
		{93ADD030-0B2A-432F-9F33-9E48ABD4FFB2}.Debug|Any CPU.ActiveCfg = Debug|Any CPU
		{93ADD030-0B2A-432F-9F33-9E48ABD4FFB2}.Debug|Any CPU.Build.0 = Debug|Any CPU
		{93ADD030-0B2A-432F-9F33-9E48ABD4FFB2}.Release|Any CPU.ActiveCfg = Release|Any CPU
		{93ADD030-0B2A-432F-9F33-9E48ABD4FFB2}.Release|Any CPU.Build.0 = Release|Any CPU
		{164B8E33-FBBB-4D11-A2D1-8ABF50D6DB9D}.Debug|Any CPU.ActiveCfg = Debug|Any CPU
		{164B8E33-FBBB-4D11-A2D1-8ABF50D6DB9D}.Debug|Any CPU.Build.0 = Debug|Any CPU
		{164B8E33-FBBB-4D11-A2D1-8ABF50D6DB9D}.Release|Any CPU.ActiveCfg = Release|Any CPU
		{164B8E33-FBBB-4D11-A2D1-8ABF50D6DB9D}.Release|Any CPU.Build.0 = Release|Any CPU
	EndGlobalSection
	GlobalSection(SolutionProperties) = preSolution
		HideSolutionNode = FALSE
	EndGlobalSection
EndGlobal
